// !$*UTF8*$!
{
	archiveVersion = 1;
	classes = {
	};
	objectVersion = 50;
	objects = {

/* Begin PBXBuildFile section */
		C2D50973265CC2390012BFC1 /* DubDubGrubApp.swift in Sources */ = {isa = PBXBuildFile; fileRef = C2D50972265CC2390012BFC1 /* DubDubGrubApp.swift */; };
		C2D50977265CC23A0012BFC1 /* Assets.xcassets in Resources */ = {isa = PBXBuildFile; fileRef = C2D50976265CC23A0012BFC1 /* Assets.xcassets */; };
		C2D5097A265CC23A0012BFC1 /* Preview Assets.xcassets in Resources */ = {isa = PBXBuildFile; fileRef = C2D50979265CC23A0012BFC1 /* Preview Assets.xcassets */; };
		C2D50984265CC2970012BFC1 /* CloudKit.framework in Frameworks */ = {isa = PBXBuildFile; fileRef = C2D50983265CC2970012BFC1 /* CloudKit.framework */; };
		C2D50986265CC41B0012BFC1 /* Color+Ext.swift in Sources */ = {isa = PBXBuildFile; fileRef = C2D50985265CC41B0012BFC1 /* Color+Ext.swift */; };
		C2D50988265CC4740012BFC1 /* AppTabView.swift in Sources */ = {isa = PBXBuildFile; fileRef = C2D50987265CC4740012BFC1 /* AppTabView.swift */; };
		C2D5098A265CC4B30012BFC1 /* LocationMapView.swift in Sources */ = {isa = PBXBuildFile; fileRef = C2D50989265CC4B30012BFC1 /* LocationMapView.swift */; };
		C2D5098C265CC4D00012BFC1 /* LocationListView.swift in Sources */ = {isa = PBXBuildFile; fileRef = C2D5098B265CC4D00012BFC1 /* LocationListView.swift */; };
		C2D5098E265CC4DE0012BFC1 /* ProfileView.swift in Sources */ = {isa = PBXBuildFile; fileRef = C2D5098D265CC4DE0012BFC1 /* ProfileView.swift */; };
		E5CD0672266D922500ED89AD /* LocationCell.swift in Sources */ = {isa = PBXBuildFile; fileRef = E5CD0671266D922500ED89AD /* LocationCell.swift */; };
		E5CD0674266D924E00ED89AD /* AvatarView.swift in Sources */ = {isa = PBXBuildFile; fileRef = E5CD0673266D924E00ED89AD /* AvatarView.swift */; };
		E5CD0676266D947E00ED89AD /* CustomModifiers.swift in Sources */ = {isa = PBXBuildFile; fileRef = E5CD0675266D947E00ED89AD /* CustomModifiers.swift */; };
		E5CD0678266D94A300ED89AD /* View+Ext.swift in Sources */ = {isa = PBXBuildFile; fileRef = E5CD0677266D94A300ED89AD /* View+Ext.swift */; };
		E5CD067A266D955E00ED89AD /* DDGButton.swift in Sources */ = {isa = PBXBuildFile; fileRef = E5CD0679266D955E00ED89AD /* DDGButton.swift */; };
		E5F5C0642660C8AA00BBBAE1 /* LocationDetailView.swift in Sources */ = {isa = PBXBuildFile; fileRef = E5F5C0632660C8AA00BBBAE1 /* LocationDetailView.swift */; };
/* End PBXBuildFile section */

/* Begin PBXFileReference section */
		C2D5096F265CC2390012BFC1 /* DubDubGrub.app */ = {isa = PBXFileReference; explicitFileType = wrapper.application; includeInIndex = 0; path = DubDubGrub.app; sourceTree = BUILT_PRODUCTS_DIR; };
		C2D50972265CC2390012BFC1 /* DubDubGrubApp.swift */ = {isa = PBXFileReference; lastKnownFileType = sourcecode.swift; path = DubDubGrubApp.swift; sourceTree = "<group>"; };
		C2D50976265CC23A0012BFC1 /* Assets.xcassets */ = {isa = PBXFileReference; lastKnownFileType = folder.assetcatalog; path = Assets.xcassets; sourceTree = "<group>"; };
		C2D50979265CC23A0012BFC1 /* Preview Assets.xcassets */ = {isa = PBXFileReference; lastKnownFileType = folder.assetcatalog; path = "Preview Assets.xcassets"; sourceTree = "<group>"; };
		C2D5097B265CC23A0012BFC1 /* Info.plist */ = {isa = PBXFileReference; lastKnownFileType = text.plist.xml; path = Info.plist; sourceTree = "<group>"; };
		C2D50981265CC28E0012BFC1 /* DubDubGrub.entitlements */ = {isa = PBXFileReference; lastKnownFileType = text.plist.entitlements; path = DubDubGrub.entitlements; sourceTree = "<group>"; };
		C2D50983265CC2970012BFC1 /* CloudKit.framework */ = {isa = PBXFileReference; lastKnownFileType = wrapper.framework; name = CloudKit.framework; path = System/Library/Frameworks/CloudKit.framework; sourceTree = SDKROOT; };
		C2D50985265CC41B0012BFC1 /* Color+Ext.swift */ = {isa = PBXFileReference; lastKnownFileType = sourcecode.swift; path = "Color+Ext.swift"; sourceTree = "<group>"; };
		C2D50987265CC4740012BFC1 /* AppTabView.swift */ = {isa = PBXFileReference; lastKnownFileType = sourcecode.swift; path = AppTabView.swift; sourceTree = "<group>"; };
		C2D50989265CC4B30012BFC1 /* LocationMapView.swift */ = {isa = PBXFileReference; lastKnownFileType = sourcecode.swift; path = LocationMapView.swift; sourceTree = "<group>"; };
		C2D5098B265CC4D00012BFC1 /* LocationListView.swift */ = {isa = PBXFileReference; lastKnownFileType = sourcecode.swift; path = LocationListView.swift; sourceTree = "<group>"; };
		C2D5098D265CC4DE0012BFC1 /* ProfileView.swift */ = {isa = PBXFileReference; lastKnownFileType = sourcecode.swift; path = ProfileView.swift; sourceTree = "<group>"; };
		E5CD0671266D922500ED89AD /* LocationCell.swift */ = {isa = PBXFileReference; lastKnownFileType = sourcecode.swift; path = LocationCell.swift; sourceTree = "<group>"; };
		E5CD0673266D924E00ED89AD /* AvatarView.swift */ = {isa = PBXFileReference; lastKnownFileType = sourcecode.swift; path = AvatarView.swift; sourceTree = "<group>"; };
		E5CD0675266D947E00ED89AD /* CustomModifiers.swift */ = {isa = PBXFileReference; lastKnownFileType = sourcecode.swift; path = CustomModifiers.swift; sourceTree = "<group>"; };
		E5CD0677266D94A300ED89AD /* View+Ext.swift */ = {isa = PBXFileReference; lastKnownFileType = sourcecode.swift; path = "View+Ext.swift"; sourceTree = "<group>"; };
		E5CD0679266D955E00ED89AD /* DDGButton.swift */ = {isa = PBXFileReference; lastKnownFileType = sourcecode.swift; path = DDGButton.swift; sourceTree = "<group>"; };
		E5F5C0632660C8AA00BBBAE1 /* LocationDetailView.swift */ = {isa = PBXFileReference; lastKnownFileType = sourcecode.swift; path = LocationDetailView.swift; sourceTree = "<group>"; };
/* End PBXFileReference section */

/* Begin PBXFrameworksBuildPhase section */
		C2D5096C265CC2390012BFC1 /* Frameworks */ = {
			isa = PBXFrameworksBuildPhase;
			buildActionMask = 2147483647;
			files = (
				C2D50984265CC2970012BFC1 /* CloudKit.framework in Frameworks */,
			);
			runOnlyForDeploymentPostprocessing = 0;
		};
/* End PBXFrameworksBuildPhase section */

/* Begin PBXGroup section */
		C2D50966265CC2390012BFC1 = {
			isa = PBXGroup;
			children = (
				C2D50971265CC2390012BFC1 /* DubDubGrub */,
				C2D50970265CC2390012BFC1 /* Products */,
				C2D50982265CC2970012BFC1 /* Frameworks */,
			);
			sourceTree = "<group>";
		};
		C2D50970265CC2390012BFC1 /* Products */ = {
			isa = PBXGroup;
			children = (
				C2D5096F265CC2390012BFC1 /* DubDubGrub.app */,
			);
			name = Products;
			sourceTree = "<group>";
		};
		C2D50971265CC2390012BFC1 /* DubDubGrub */ = {
			isa = PBXGroup;
			children = (
				E5CD067B266D967A00ED89AD /* Extensions */,
				E5CD067C266D969100ED89AD /* Views */,
				C2D50981265CC28E0012BFC1 /* DubDubGrub.entitlements */,
				C2D50972265CC2390012BFC1 /* DubDubGrubApp.swift */,
				C2D50976265CC23A0012BFC1 /* Assets.xcassets */,
				C2D5097B265CC23A0012BFC1 /* Info.plist */,
				C2D50978265CC23A0012BFC1 /* Preview Content */,
			);
			path = DubDubGrub;
			sourceTree = "<group>";
		};
		C2D50978265CC23A0012BFC1 /* Preview Content */ = {
			isa = PBXGroup;
			children = (
				C2D50979265CC23A0012BFC1 /* Preview Assets.xcassets */,
			);
			path = "Preview Content";
			sourceTree = "<group>";
		};
		C2D50982265CC2970012BFC1 /* Frameworks */ = {
			isa = PBXGroup;
			children = (
				C2D50983265CC2970012BFC1 /* CloudKit.framework */,
			);
			name = Frameworks;
			sourceTree = "<group>";
		};
		E5CD067B266D967A00ED89AD /* Extensions */ = {
			isa = PBXGroup;
			children = (
				C2D50985265CC41B0012BFC1 /* Color+Ext.swift */,
				E5CD0677266D94A300ED89AD /* View+Ext.swift */,
			);
			path = Extensions;
			sourceTree = "<group>";
		};
		E5CD067C266D969100ED89AD /* Views */ = {
			isa = PBXGroup;
			children = (
				E5CD0675266D947E00ED89AD /* CustomModifiers.swift */,
				E5CD067F266D96E600ED89AD /* CustomViews */,
				E5CD067E266D96DA00ED89AD /* Cells */,
				E5CD067D266D969B00ED89AD /* Screens */,
			);
			path = Views;
			sourceTree = "<group>";
		};
		E5CD067D266D969B00ED89AD /* Screens */ = {
			isa = PBXGroup;
			children = (
				C2D50987265CC4740012BFC1 /* AppTabView.swift */,
				C2D50989265CC4B30012BFC1 /* LocationMapView.swift */,
				C2D5098B265CC4D00012BFC1 /* LocationListView.swift */,
				E5F5C0632660C8AA00BBBAE1 /* LocationDetailView.swift */,
				C2D5098D265CC4DE0012BFC1 /* ProfileView.swift */,
			);
			path = Screens;
			sourceTree = "<group>";
		};
		E5CD067E266D96DA00ED89AD /* Cells */ = {
			isa = PBXGroup;
			children = (
				E5CD0671266D922500ED89AD /* LocationCell.swift */,
			);
			path = Cells;
			sourceTree = "<group>";
		};
		E5CD067F266D96E600ED89AD /* CustomViews */ = {
			isa = PBXGroup;
			children = (
				E5CD0673266D924E00ED89AD /* AvatarView.swift */,
				E5CD0679266D955E00ED89AD /* DDGButton.swift */,
			);
			path = CustomViews;
			sourceTree = "<group>";
		};
/* End PBXGroup section */

/* Begin PBXNativeTarget section */
		C2D5096E265CC2390012BFC1 /* DubDubGrub */ = {
			isa = PBXNativeTarget;
			buildConfigurationList = C2D5097E265CC23A0012BFC1 /* Build configuration list for PBXNativeTarget "DubDubGrub" */;
			buildPhases = (
				C2D5096B265CC2390012BFC1 /* Sources */,
				C2D5096C265CC2390012BFC1 /* Frameworks */,
				C2D5096D265CC2390012BFC1 /* Resources */,
			);
			buildRules = (
			);
			dependencies = (
			);
			name = DubDubGrub;
			productName = DubDubGrub;
			productReference = C2D5096F265CC2390012BFC1 /* DubDubGrub.app */;
			productType = "com.apple.product-type.application";
		};
/* End PBXNativeTarget section */

/* Begin PBXProject section */
		C2D50967265CC2390012BFC1 /* Project object */ = {
			isa = PBXProject;
			attributes = {
				LastSwiftUpdateCheck = 1250;
				LastUpgradeCheck = 1250;
				TargetAttributes = {
					C2D5096E265CC2390012BFC1 = {
						CreatedOnToolsVersion = 12.5;
					};
				};
			};
			buildConfigurationList = C2D5096A265CC2390012BFC1 /* Build configuration list for PBXProject "DubDubGrub" */;
			compatibilityVersion = "Xcode 9.3";
			developmentRegion = en;
			hasScannedForEncodings = 0;
			knownRegions = (
				en,
				Base,
			);
			mainGroup = C2D50966265CC2390012BFC1;
			productRefGroup = C2D50970265CC2390012BFC1 /* Products */;
			projectDirPath = "";
			projectRoot = "";
			targets = (
				C2D5096E265CC2390012BFC1 /* DubDubGrub */,
			);
		};
/* End PBXProject section */

/* Begin PBXResourcesBuildPhase section */
		C2D5096D265CC2390012BFC1 /* Resources */ = {
			isa = PBXResourcesBuildPhase;
			buildActionMask = 2147483647;
			files = (
				C2D5097A265CC23A0012BFC1 /* Preview Assets.xcassets in Resources */,
				C2D50977265CC23A0012BFC1 /* Assets.xcassets in Resources */,
			);
			runOnlyForDeploymentPostprocessing = 0;
		};
/* End PBXResourcesBuildPhase section */

/* Begin PBXSourcesBuildPhase section */
		C2D5096B265CC2390012BFC1 /* Sources */ = {
			isa = PBXSourcesBuildPhase;
			buildActionMask = 2147483647;
			files = (
				C2D5098A265CC4B30012BFC1 /* LocationMapView.swift in Sources */,
				E5CD0676266D947E00ED89AD /* CustomModifiers.swift in Sources */,
				C2D50973265CC2390012BFC1 /* DubDubGrubApp.swift in Sources */,
				C2D5098C265CC4D00012BFC1 /* LocationListView.swift in Sources */,
				E5F5C0642660C8AA00BBBAE1 /* LocationDetailView.swift in Sources */,
				C2D50988265CC4740012BFC1 /* AppTabView.swift in Sources */,
				C2D5098E265CC4DE0012BFC1 /* ProfileView.swift in Sources */,
				E5CD0678266D94A300ED89AD /* View+Ext.swift in Sources */,
				E5CD0672266D922500ED89AD /* LocationCell.swift in Sources */,
				E5CD067A266D955E00ED89AD /* DDGButton.swift in Sources */,
				E5CD0674266D924E00ED89AD /* AvatarView.swift in Sources */,
				C2D50986265CC41B0012BFC1 /* Color+Ext.swift in Sources */,
			);
			runOnlyForDeploymentPostprocessing = 0;
		};
/* End PBXSourcesBuildPhase section */

/* Begin XCBuildConfiguration section */
		C2D5097C265CC23A0012BFC1 /* Debug */ = {
			isa = XCBuildConfiguration;
			buildSettings = {
				ALWAYS_SEARCH_USER_PATHS = NO;
				CLANG_ANALYZER_NONNULL = YES;
				CLANG_ANALYZER_NUMBER_OBJECT_CONVERSION = YES_AGGRESSIVE;
				CLANG_CXX_LANGUAGE_STANDARD = "gnu++14";
				CLANG_CXX_LIBRARY = "libc++";
				CLANG_ENABLE_MODULES = YES;
				CLANG_ENABLE_OBJC_ARC = YES;
				CLANG_ENABLE_OBJC_WEAK = YES;
				CLANG_WARN_BLOCK_CAPTURE_AUTORELEASING = YES;
				CLANG_WARN_BOOL_CONVERSION = YES;
				CLANG_WARN_COMMA = YES;
				CLANG_WARN_CONSTANT_CONVERSION = YES;
				CLANG_WARN_DEPRECATED_OBJC_IMPLEMENTATIONS = YES;
				CLANG_WARN_DIRECT_OBJC_ISA_USAGE = YES_ERROR;
				CLANG_WARN_DOCUMENTATION_COMMENTS = YES;
				CLANG_WARN_EMPTY_BODY = YES;
				CLANG_WARN_ENUM_CONVERSION = YES;
				CLANG_WARN_INFINITE_RECURSION = YES;
				CLANG_WARN_INT_CONVERSION = YES;
				CLANG_WARN_NON_LITERAL_NULL_CONVERSION = YES;
				CLANG_WARN_OBJC_IMPLICIT_RETAIN_SELF = YES;
				CLANG_WARN_OBJC_LITERAL_CONVERSION = YES;
				CLANG_WARN_OBJC_ROOT_CLASS = YES_ERROR;
				CLANG_WARN_QUOTED_INCLUDE_IN_FRAMEWORK_HEADER = YES;
				CLANG_WARN_RANGE_LOOP_ANALYSIS = YES;
				CLANG_WARN_STRICT_PROTOTYPES = YES;
				CLANG_WARN_SUSPICIOUS_MOVE = YES;
				CLANG_WARN_UNGUARDED_AVAILABILITY = YES_AGGRESSIVE;
				CLANG_WARN_UNREACHABLE_CODE = YES;
				CLANG_WARN__DUPLICATE_METHOD_MATCH = YES;
				COPY_PHASE_STRIP = NO;
				DEBUG_INFORMATION_FORMAT = dwarf;
				ENABLE_STRICT_OBJC_MSGSEND = YES;
				ENABLE_TESTABILITY = YES;
				GCC_C_LANGUAGE_STANDARD = gnu11;
				GCC_DYNAMIC_NO_PIC = NO;
				GCC_NO_COMMON_BLOCKS = YES;
				GCC_OPTIMIZATION_LEVEL = 0;
				GCC_PREPROCESSOR_DEFINITIONS = (
					"DEBUG=1",
					"$(inherited)",
				);
				GCC_WARN_64_TO_32_BIT_CONVERSION = YES;
				GCC_WARN_ABOUT_RETURN_TYPE = YES_ERROR;
				GCC_WARN_UNDECLARED_SELECTOR = YES;
				GCC_WARN_UNINITIALIZED_AUTOS = YES_AGGRESSIVE;
				GCC_WARN_UNUSED_FUNCTION = YES;
				GCC_WARN_UNUSED_VARIABLE = YES;
				IPHONEOS_DEPLOYMENT_TARGET = 14.5;
				MTL_ENABLE_DEBUG_INFO = INCLUDE_SOURCE;
				MTL_FAST_MATH = YES;
				ONLY_ACTIVE_ARCH = YES;
				SDKROOT = iphoneos;
				SWIFT_ACTIVE_COMPILATION_CONDITIONS = DEBUG;
				SWIFT_OPTIMIZATION_LEVEL = "-Onone";
			};
			name = Debug;
		};
		C2D5097D265CC23A0012BFC1 /* Release */ = {
			isa = XCBuildConfiguration;
			buildSettings = {
				ALWAYS_SEARCH_USER_PATHS = NO;
				CLANG_ANALYZER_NONNULL = YES;
				CLANG_ANALYZER_NUMBER_OBJECT_CONVERSION = YES_AGGRESSIVE;
				CLANG_CXX_LANGUAGE_STANDARD = "gnu++14";
				CLANG_CXX_LIBRARY = "libc++";
				CLANG_ENABLE_MODULES = YES;
				CLANG_ENABLE_OBJC_ARC = YES;
				CLANG_ENABLE_OBJC_WEAK = YES;
				CLANG_WARN_BLOCK_CAPTURE_AUTORELEASING = YES;
				CLANG_WARN_BOOL_CONVERSION = YES;
				CLANG_WARN_COMMA = YES;
				CLANG_WARN_CONSTANT_CONVERSION = YES;
				CLANG_WARN_DEPRECATED_OBJC_IMPLEMENTATIONS = YES;
				CLANG_WARN_DIRECT_OBJC_ISA_USAGE = YES_ERROR;
				CLANG_WARN_DOCUMENTATION_COMMENTS = YES;
				CLANG_WARN_EMPTY_BODY = YES;
				CLANG_WARN_ENUM_CONVERSION = YES;
				CLANG_WARN_INFINITE_RECURSION = YES;
				CLANG_WARN_INT_CONVERSION = YES;
				CLANG_WARN_NON_LITERAL_NULL_CONVERSION = YES;
				CLANG_WARN_OBJC_IMPLICIT_RETAIN_SELF = YES;
				CLANG_WARN_OBJC_LITERAL_CONVERSION = YES;
				CLANG_WARN_OBJC_ROOT_CLASS = YES_ERROR;
				CLANG_WARN_QUOTED_INCLUDE_IN_FRAMEWORK_HEADER = YES;
				CLANG_WARN_RANGE_LOOP_ANALYSIS = YES;
				CLANG_WARN_STRICT_PROTOTYPES = YES;
				CLANG_WARN_SUSPICIOUS_MOVE = YES;
				CLANG_WARN_UNGUARDED_AVAILABILITY = YES_AGGRESSIVE;
				CLANG_WARN_UNREACHABLE_CODE = YES;
				CLANG_WARN__DUPLICATE_METHOD_MATCH = YES;
				COPY_PHASE_STRIP = NO;
				DEBUG_INFORMATION_FORMAT = "dwarf-with-dsym";
				ENABLE_NS_ASSERTIONS = NO;
				ENABLE_STRICT_OBJC_MSGSEND = YES;
				GCC_C_LANGUAGE_STANDARD = gnu11;
				GCC_NO_COMMON_BLOCKS = YES;
				GCC_WARN_64_TO_32_BIT_CONVERSION = YES;
				GCC_WARN_ABOUT_RETURN_TYPE = YES_ERROR;
				GCC_WARN_UNDECLARED_SELECTOR = YES;
				GCC_WARN_UNINITIALIZED_AUTOS = YES_AGGRESSIVE;
				GCC_WARN_UNUSED_FUNCTION = YES;
				GCC_WARN_UNUSED_VARIABLE = YES;
				IPHONEOS_DEPLOYMENT_TARGET = 14.5;
				MTL_ENABLE_DEBUG_INFO = NO;
				MTL_FAST_MATH = YES;
				SDKROOT = iphoneos;
				SWIFT_COMPILATION_MODE = wholemodule;
				SWIFT_OPTIMIZATION_LEVEL = "-O";
				VALIDATE_PRODUCT = YES;
			};
			name = Release;
		};
		C2D5097F265CC23A0012BFC1 /* Debug */ = {
			isa = XCBuildConfiguration;
			buildSettings = {
				ASSETCATALOG_COMPILER_APPICON_NAME = AppIcon;
				ASSETCATALOG_COMPILER_GLOBAL_ACCENT_COLOR_NAME = AccentColor;
				CODE_SIGN_ENTITLEMENTS = DubDubGrub/DubDubGrub.entitlements;
				CODE_SIGN_STYLE = Automatic;
				DEVELOPMENT_ASSET_PATHS = "\"DubDubGrub/Preview Content\"";
				DEVELOPMENT_TEAM = MVGPSPVTNC;
				ENABLE_PREVIEWS = YES;
				INFOPLIST_FILE = DubDubGrub/Info.plist;
				IPHONEOS_DEPLOYMENT_TARGET = 14.0;
				LD_RUNPATH_SEARCH_PATHS = (
					"$(inherited)",
					"@executable_path/Frameworks",
				);
				PRODUCT_BUNDLE_IDENTIFIER = com.felix.DubDubGrub;
				PRODUCT_NAME = "$(TARGET_NAME)";
				SWIFT_VERSION = 5.0;
				TARGETED_DEVICE_FAMILY = "1,2";
			};
			name = Debug;
		};
		C2D50980265CC23A0012BFC1 /* Release */ = {
			isa = XCBuildConfiguration;
			buildSettings = {
				ASSETCATALOG_COMPILER_APPICON_NAME = AppIcon;
				ASSETCATALOG_COMPILER_GLOBAL_ACCENT_COLOR_NAME = AccentColor;
				CODE_SIGN_ENTITLEMENTS = DubDubGrub/DubDubGrub.entitlements;
				CODE_SIGN_STYLE = Automatic;
				DEVELOPMENT_ASSET_PATHS = "\"DubDubGrub/Preview Content\"";
				DEVELOPMENT_TEAM = MVGPSPVTNC;
				ENABLE_PREVIEWS = YES;
				INFOPLIST_FILE = DubDubGrub/Info.plist;
				IPHONEOS_DEPLOYMENT_TARGET = 14.0;
				LD_RUNPATH_SEARCH_PATHS = (
					"$(inherited)",
					"@executable_path/Frameworks",
				);
				PRODUCT_BUNDLE_IDENTIFIER = com.felix.DubDubGrub;
				PRODUCT_NAME = "$(TARGET_NAME)";
				SWIFT_VERSION = 5.0;
				TARGETED_DEVICE_FAMILY = "1,2";
			};
			name = Release;
		};
/* End XCBuildConfiguration section */

/* Begin XCConfigurationList section */
		C2D5096A265CC2390012BFC1 /* Build configuration list for PBXProject "DubDubGrub" */ = {
			isa = XCConfigurationList;
			buildConfigurations = (
				C2D5097C265CC23A0012BFC1 /* Debug */,
				C2D5097D265CC23A0012BFC1 /* Release */,
			);
			defaultConfigurationIsVisible = 0;
			defaultConfigurationName = Release;
		};
		C2D5097E265CC23A0012BFC1 /* Build configuration list for PBXNativeTarget "DubDubGrub" */ = {
			isa = XCConfigurationList;
			buildConfigurations = (
				C2D5097F265CC23A0012BFC1 /* Debug */,
				C2D50980265CC23A0012BFC1 /* Release */,
			);
			defaultConfigurationIsVisible = 0;
			defaultConfigurationName = Release;
		};
/* End XCConfigurationList section */
	};
	rootObject = C2D50967265CC2390012BFC1 /* Project object */;
}
